
Microsoft Visual Studio Solution File, Format Version 12.00
# Visual Studio Version 17
VisualStudioVersion = 17.11.35327.3
MinimumVisualStudioVersion = 10.0.40219.1
Project("{FAE04EC0-301F-11D3-BF4B-00C04F79EFBC}") = "E_Commerce", "E_Commerce\E_Commerce.csproj", "{EB2E44E2-1094-4303-B474-DD085B522D8E}"
EndProject
Global
	GlobalSection(SolutionConfigurationPlatforms) = preSolution
		Debug|Any CPU = Debug|Any CPU
		Release|Any CPU = Release|Any CPU
	EndGlobalSection
	GlobalSection(ProjectConfigurationPlatforms) = postSolution
		{EB2E44E2-1094-4303-B474-DD085B522D8E}.Debug|Any CPU.ActiveCfg = Debug|Any CPU
		{EB2E44E2-1094-4303-B474-DD085B522D8E}.Debug|Any CPU.Build.0 = Debug|Any CPU
		{EB2E44E2-1094-4303-B474-DD085B522D8E}.Release|Any CPU.ActiveCfg = Release|Any CPU
		{EB2E44E2-1094-4303-B474-DD085B522D8E}.Release|Any CPU.Build.0 = Release|Any CPU
	EndGlobalSection
	GlobalSection(SolutionProperties) = preSolution
		HideSolutionNode = FALSE
	EndGlobalSection
	GlobalSection(ExtensibilityGlobals) = postSolution
		SolutionGuid = {A23ABFBC-0E82-4DAD-AF3B-DA1EF6674F0E}
	EndGlobalSection
EndGlobal
